<?xml version="1.0" encoding="utf-8"?>
<Project ToolsVersion="4.0" xmlns="http://schemas.microsoft.com/developer/msbuild/2003">
  <ItemGroup>
    <Filter Include="Source Files">
      <UniqueIdentifier>{4FC737F1-C7A5-4376-A066-2A32D752A2FF}</UniqueIdentifier>
      <Extensions>cpp;c;cc;cxx;c++;cppm;ixx;def;odl;idl;hpj;bat;asm;asmx</Extensions>
    </Filter>
    <Filter Include="Header Files">
      <UniqueIdentifier>{93995380-89BD-4b04-88EB-625FBE52EBFB}</UniqueIdentifier>
      <Extensions>h;hh;hpp;hxx;h++;hm;inl;inc;ipp;xsd</Extensions>
    </Filter>
    <Filter Include="Resource Files">
      <UniqueIdentifier>{67DA6AB6-F800-4c08-8B7A-83BB121AAD01}</UniqueIdentifier>
      <Extensions>rc;ico;cur;bmp;dlg;rc2;rct;bin;rgs;gif;jpg;jpeg;jpe;resx;tiff;tif;png;wav;mfcribbon-ms</Extensions>
    </Filter>
    <Filter Include="img">
      <UniqueIdentifier>{8cf8e20f-f97b-4661-85f7-97bead82493b}</UniqueIdentifier>
    </Filter>
    <Filter Include="font">
      <UniqueIdentifier>{56779723-5ec0-42b7-83bc-30dd9f8543e4}</UniqueIdentifier>
    </Filter>
  </ItemGroup>
  <ItemGroup>
    <ClCompile Include="..\x64\Release\Ball.cpp">
      <Filter>Source Files</Filter>
    </ClCompile>
    <ClCompile Include="..\x64\Release\Goal.cpp">
      <Filter>Source Files</Filter>
    </ClCompile>
    <ClCompile Include="..\x64\Release\levels.cpp">
      <Filter>Source Files</Filter>
    </ClCompile>
    <ClCompile Include="..\x64\Release\main.cpp">
      <Filter>Source Files</Filter>
    </ClCompile>
    <ClCompile Include="..\x64\Release\MainMenu.cpp">
      <Filter>Source Files</Filter>
    </ClCompile>
    <ClCompile Include="..\x64\Release\Menu.cpp">
      <Filter>Source Files</Filter>
    </ClCompile>
    <ClCompile Include="..\x64\Release\Obstacle.cpp">
      <Filter>Source Files</Filter>
    </ClCompile>
    <ClCompile Include="..\x64\Release\Rope.cpp">
      <Filter>Source Files</Filter>
    </ClCompile>
    <ClCompile Include="..\x64\Release\TextTransition.cpp">
      <Filter>Source Files</Filter>
    </ClCompile>
  </ItemGroup>
  <ItemGroup>
    <ClInclude Include="..\x64\Release\Ball.h">
      <Filter>Header Files</Filter>
    </ClInclude>
    <ClInclude Include="..\x64\Release\Goal.h">
      <Filter>Header Files</Filter>
    </ClInclude>
    <ClInclude Include="..\x64\Release\levels.h">
      <Filter>Header Files</Filter>
    </ClInclude>
    <ClInclude Include="..\x64\Release\MainMenu.h">
      <Filter>Header Files</Filter>
    </ClInclude>
    <ClInclude Include="..\x64\Release\Menu.h">
      <Filter>Header Files</Filter>
    </ClInclude>
    <ClInclude Include="..\x64\Release\Obstacle.h">
      <Filter>Header Files</Filter>
    </ClInclude>
    <ClInclude Include="..\x64\Release\Rope.h">
      <Filter>Header Files</Filter>
    </ClInclude>
    <ClInclude Include="..\x64\Release\TextTransition.h">
      <Filter>Header Files</Filter>
    </ClInclude>
  </ItemGroup>
  <ItemGroup>
    <None Include="..\x64\Release\GameRope.exe" />
    <None Include="..\x64\Release\GameRope.pdb" />
    <None Include="..\x64\Release\openal32.dll" />
    <None Include="..\x64\Release\sfml-audio-2.dll" />
    <None Include="..\x64\Release\sfml-graphics-2.dll" />
    <None Include="..\x64\Release\sfml-network-2.dll" />
    <None Include="..\x64\Release\sfml-system-2.dll" />
    <None Include="..\x64\Release\sfml-window-2.dll" />
  </ItemGroup>
  <ItemGroup>
    <Image Include="..\x64\Release\Img\About.png">
      <Filter>img</Filter>
    </Image>
    <Image Include="..\x64\Release\Img\About_Selected.png">
      <Filter>img</Filter>
    </Image>
    <Image Include="..\x64\Release\Img\ballImg.png">
      <Filter>img</Filter>
    </Image>
    <Image Include="..\x64\Release\Img\Quit.png">
      <Filter>img</Filter>
    </Image>
    <Image Include="..\x64\Release\Img\Quit_Selected.png">
      <Filter>img</Filter>
    </Image>
    <Image Include="..\x64\Release\Img\Rope.png">
      <Filter>img</Filter>
    </Image>
    <Image Include="..\x64\Release\Img\ropeImg.png">
      <Filter>img</Filter>
    </Image>
    <Image Include="..\x64\Release\Img\Start.png">
      <Filter>img</Filter>
    </Image>
    <Image Include="..\x64\Release\Img\Start_Selected.png">
      <Filter>img</Filter>
    </Image>
  </ItemGroup>
  <ItemGroup>
    <Font Include="..\x64\Release\font\Boba_Cups.ttf">
      <Filter>font</Filter>
    </Font>
  </ItemGroup>
</Project>